# This file is automatically @generated by Cargo.
# It is not intended for manual editing.
version = 3

[[package]]
name = "admin_client"
version = "0.1.0"

[[package]]
name = "api_server"
version = "0.1.0"

[[package]]
name = "auth_service"
version = "0.1.0"

[[package]]
name = "frontend_client"
version = "0.1.0"

[[package]]
name = "translations"
version = "0.1.0"

[[package]]
name = "yew_components"
version = "0.1.0"
